
Microsoft Visual Studio Solution File, Format Version 9.00
# Visual C++ Express 2005
Project("{8BC9CEB8-8B4A-11D0-8D11-00A0C91BC942}") = "ludumdare_15", "ludumdare_15.vcproj", "{5F06FBE7-46F6-4B6F-AD8D-A4F90BFFB6AA}"
EndProject
Global
	GlobalSection(SolutionConfigurationPlatforms) = preSolution
		Debug|Win32 = Debug|Win32
		Release|Win32 = Release|Win32
	EndGlobalSection
	GlobalSection(ProjectConfigurationPlatforms) = postSolution
		{5F06FBE7-46F6-4B6F-AD8D-A4F90BFFB6AA}.Debug|Win32.ActiveCfg = Debug|Win32
		{5F06FBE7-46F6-4B6F-AD8D-A4F90BFFB6AA}.Debug|Win32.Build.0 = Debug|Win32
		{5F06FBE7-46F6-4B6F-AD8D-A4F90BFFB6AA}.Release|Win32.ActiveCfg = Release|Win32
		{5F06FBE7-46F6-4B6F-AD8D-A4F90BFFB6AA}.Release|Win32.Build.0 = Release|Win32
	EndGlobalSection
	GlobalSection(SolutionProperties) = preSolution
		HideSolutionNode = FALSE
	EndGlobalSection
EndGlobal
