
Microsoft Visual Studio Solution File, Format Version 9.00
# Visual C++ Express 2005
Project("{8BC9CEB8-8B4A-11D0-8D11-00A0C91BC942}") = "upgrayedd-test", "upgrayedd-test.vcproj", "{6A702456-2FDD-439E-B538-DE34CD27BD84}"
	ProjectSection(ProjectDependencies) = postProject
		{CFF990A6-9F1B-4CFC-A8B8-623379E005B1} = {CFF990A6-9F1B-4CFC-A8B8-623379E005B1}
	EndProjectSection
EndProject
Project("{8BC9CEB8-8B4A-11D0-8D11-00A0C91BC942}") = "upgrayedd", "..\upgrayedd\upgrayedd.vcproj", "{CFF990A6-9F1B-4CFC-A8B8-623379E005B1}"
EndProject
Global
	GlobalSection(SolutionConfigurationPlatforms) = preSolution
		Debug|Win32 = Debug|Win32
		Release|Win32 = Release|Win32
	EndGlobalSection
	GlobalSection(ProjectConfigurationPlatforms) = postSolution
		{6A702456-2FDD-439E-B538-DE34CD27BD84}.Debug|Win32.ActiveCfg = Debug|Win32
		{6A702456-2FDD-439E-B538-DE34CD27BD84}.Debug|Win32.Build.0 = Debug|Win32
		{6A702456-2FDD-439E-B538-DE34CD27BD84}.Release|Win32.ActiveCfg = Release|Win32
		{6A702456-2FDD-439E-B538-DE34CD27BD84}.Release|Win32.Build.0 = Release|Win32
		{CFF990A6-9F1B-4CFC-A8B8-623379E005B1}.Debug|Win32.ActiveCfg = Debug|Win32
		{CFF990A6-9F1B-4CFC-A8B8-623379E005B1}.Debug|Win32.Build.0 = Debug|Win32
		{CFF990A6-9F1B-4CFC-A8B8-623379E005B1}.Release|Win32.ActiveCfg = Release|Win32
		{CFF990A6-9F1B-4CFC-A8B8-623379E005B1}.Release|Win32.Build.0 = Release|Win32
	EndGlobalSection
	GlobalSection(SolutionProperties) = preSolution
		HideSolutionNode = FALSE
	EndGlobalSection
EndGlobal
